
Microsoft Visual Studio Solution File, Format Version 12.00
# Visual Studio 2013
VisualStudioVersion = 12.0.31101.0
MinimumVisualStudioVersion = 10.0.40219.1
Project("{FAE04EC0-301F-11D3-BF4B-00C04F79EFBC}") = "SGService", "SGService\SGService.csproj", "{A930B5A7-A611-49A9-AF33-42850D6998C9}"
EndProject
Project("{FAE04EC0-301F-11D3-BF4B-00C04F79EFBC}") = "SGApp", "WebApplication2\SGApp.csproj", "{4AF6B696-8FA4-45DF-ACD6-C9F871AE6D97}"
EndProject
Project("{FAE04EC0-301F-11D3-BF4B-00C04F79EFBC}") = "ClassLibrary3", "ClassLibrary3\ClassLibrary3.csproj", "{BA35AE07-B7AF-4F57-AC66-40553ED6EBD8}"
EndProject
Project("{FAE04EC0-301F-11D3-BF4B-00C04F79EFBC}") = "Gardener", "GadgeteerApp1\Gardener.csproj", "{5E84BC86-A3FD-4820-94F4-8F3B12B25033}"
EndProject
Global
	GlobalSection(SolutionConfigurationPlatforms) = preSolution
		Debug|Any CPU = Debug|Any CPU
		Release|Any CPU = Release|Any CPU
		Web|Any CPU = Web|Any CPU
	EndGlobalSection
	GlobalSection(ProjectConfigurationPlatforms) = postSolution
		{A930B5A7-A611-49A9-AF33-42850D6998C9}.Debug|Any CPU.ActiveCfg = Debug|Any CPU
		{A930B5A7-A611-49A9-AF33-42850D6998C9}.Debug|Any CPU.Build.0 = Debug|Any CPU
		{A930B5A7-A611-49A9-AF33-42850D6998C9}.Release|Any CPU.ActiveCfg = Release|Any CPU
		{A930B5A7-A611-49A9-AF33-42850D6998C9}.Release|Any CPU.Build.0 = Release|Any CPU
		{A930B5A7-A611-49A9-AF33-42850D6998C9}.Web|Any CPU.ActiveCfg = Release|Any CPU
		{A930B5A7-A611-49A9-AF33-42850D6998C9}.Web|Any CPU.Build.0 = Release|Any CPU
		{4AF6B696-8FA4-45DF-ACD6-C9F871AE6D97}.Debug|Any CPU.ActiveCfg = Debug|Any CPU
		{4AF6B696-8FA4-45DF-ACD6-C9F871AE6D97}.Debug|Any CPU.Build.0 = Debug|Any CPU
		{4AF6B696-8FA4-45DF-ACD6-C9F871AE6D97}.Debug|Any CPU.Deploy.0 = Debug|Any CPU
		{4AF6B696-8FA4-45DF-ACD6-C9F871AE6D97}.Release|Any CPU.ActiveCfg = Release|Any CPU
		{4AF6B696-8FA4-45DF-ACD6-C9F871AE6D97}.Release|Any CPU.Build.0 = Release|Any CPU
		{4AF6B696-8FA4-45DF-ACD6-C9F871AE6D97}.Web|Any CPU.ActiveCfg = Release|Any CPU
		{4AF6B696-8FA4-45DF-ACD6-C9F871AE6D97}.Web|Any CPU.Build.0 = Release|Any CPU
		{BA35AE07-B7AF-4F57-AC66-40553ED6EBD8}.Debug|Any CPU.ActiveCfg = Debug|Any CPU
		{BA35AE07-B7AF-4F57-AC66-40553ED6EBD8}.Debug|Any CPU.Build.0 = Debug|Any CPU
		{BA35AE07-B7AF-4F57-AC66-40553ED6EBD8}.Release|Any CPU.ActiveCfg = Release|Any CPU
		{BA35AE07-B7AF-4F57-AC66-40553ED6EBD8}.Release|Any CPU.Build.0 = Release|Any CPU
		{BA35AE07-B7AF-4F57-AC66-40553ED6EBD8}.Web|Any CPU.ActiveCfg = Release|Any CPU
		{BA35AE07-B7AF-4F57-AC66-40553ED6EBD8}.Web|Any CPU.Build.0 = Release|Any CPU
		{5E84BC86-A3FD-4820-94F4-8F3B12B25033}.Debug|Any CPU.ActiveCfg = Debug|Any CPU
		{5E84BC86-A3FD-4820-94F4-8F3B12B25033}.Debug|Any CPU.Build.0 = Debug|Any CPU
		{5E84BC86-A3FD-4820-94F4-8F3B12B25033}.Debug|Any CPU.Deploy.0 = Debug|Any CPU
		{5E84BC86-A3FD-4820-94F4-8F3B12B25033}.Release|Any CPU.ActiveCfg = Release|Any CPU
		{5E84BC86-A3FD-4820-94F4-8F3B12B25033}.Release|Any CPU.Build.0 = Release|Any CPU
		{5E84BC86-A3FD-4820-94F4-8F3B12B25033}.Release|Any CPU.Deploy.0 = Release|Any CPU
		{5E84BC86-A3FD-4820-94F4-8F3B12B25033}.Web|Any CPU.ActiveCfg = Web|Any CPU
		{5E84BC86-A3FD-4820-94F4-8F3B12B25033}.Web|Any CPU.Build.0 = Web|Any CPU
		{5E84BC86-A3FD-4820-94F4-8F3B12B25033}.Web|Any CPU.Deploy.0 = Web|Any CPU
	EndGlobalSection
	GlobalSection(SolutionProperties) = preSolution
		HideSolutionNode = FALSE
	EndGlobalSection
EndGlobal
